
Microsoft Visual Studio Solution File, Format Version 12.00
# Visual Studio Version 16
VisualStudioVersion = 16.0.32002.261
MinimumVisualStudioVersion = 10.0.40219.1
Project("{FAE04EC0-301F-11D3-BF4B-00C04F79EFBC}") = "CoolOrganic_Project", "CoolOrganic_Project\CoolOrganic_Project.csproj", "{4BA27D6D-3BC1-466D-86F7-43F04D6B8399}"
EndProject
Global
	GlobalSection(SolutionConfigurationPlatforms) = preSolution
		Debug|Any CPU = Debug|Any CPU
		Release|Any CPU = Release|Any CPU
	EndGlobalSection
	GlobalSection(ProjectConfigurationPlatforms) = postSolution
		{4BA27D6D-3BC1-466D-86F7-43F04D6B8399}.Debug|Any CPU.ActiveCfg = Debug|Any CPU
		{4BA27D6D-3BC1-466D-86F7-43F04D6B8399}.Debug|Any CPU.Build.0 = Debug|Any CPU
		{4BA27D6D-3BC1-466D-86F7-43F04D6B8399}.Release|Any CPU.ActiveCfg = Release|Any CPU
		{4BA27D6D-3BC1-466D-86F7-43F04D6B8399}.Release|Any CPU.Build.0 = Release|Any CPU
	EndGlobalSection
	GlobalSection(SolutionProperties) = preSolution
		HideSolutionNode = FALSE
	EndGlobalSection
	GlobalSection(ExtensibilityGlobals) = postSolution
		SolutionGuid = {DE24EDDA-35A1-4038-A4E4-B00BC249773F}
	EndGlobalSection
EndGlobal
